
Microsoft Visual Studio Solution File, Format Version 12.00
# Visual Studio Version 17
VisualStudioVersion = 17.9.34728.123
MinimumVisualStudioVersion = 10.0.40219.1
Project("{FAE04EC0-301F-11D3-BF4B-00C04F79EFBC}") = "IoCDemo", "IoCDemo\IoCDemo.csproj", "{C5223677-E673-4CE8-AAB2-6E13078E667D}"
EndProject
Global
	GlobalSection(SolutionConfigurationPlatforms) = preSolution
		Debug|Any CPU = Debug|Any CPU
		Release|Any CPU = Release|Any CPU
	EndGlobalSection
	GlobalSection(ProjectConfigurationPlatforms) = postSolution
		{C5223677-E673-4CE8-AAB2-6E13078E667D}.Debug|Any CPU.ActiveCfg = Debug|Any CPU
		{C5223677-E673-4CE8-AAB2-6E13078E667D}.Debug|Any CPU.Build.0 = Debug|Any CPU
		{C5223677-E673-4CE8-AAB2-6E13078E667D}.Release|Any CPU.ActiveCfg = Release|Any CPU
		{C5223677-E673-4CE8-AAB2-6E13078E667D}.Release|Any CPU.Build.0 = Release|Any CPU
	EndGlobalSection
	GlobalSection(SolutionProperties) = preSolution
		HideSolutionNode = FALSE
	EndGlobalSection
	GlobalSection(ExtensibilityGlobals) = postSolution
		SolutionGuid = {A115CF53-D4C9-4E4A-8CD3-58F1EAB44178}
	EndGlobalSection
EndGlobal
