
Microsoft Visual Studio Solution File, Format Version 12.00
# Visual Studio Version 17
VisualStudioVersion = 17.10.34928.147
MinimumVisualStudioVersion = 10.0.40219.1
Project("{FAE04EC0-301F-11D3-BF4B-00C04F79EFBC}") = "PropertyInjectionDemo", "PropertyInjectionDemo\PropertyInjectionDemo.csproj", "{419D2FA0-670C-4F41-8F0E-E4CD084A6394}"
EndProject
Global
	GlobalSection(SolutionConfigurationPlatforms) = preSolution
		Debug|Any CPU = Debug|Any CPU
		Release|Any CPU = Release|Any CPU
	EndGlobalSection
	GlobalSection(ProjectConfigurationPlatforms) = postSolution
		{419D2FA0-670C-4F41-8F0E-E4CD084A6394}.Debug|Any CPU.ActiveCfg = Debug|Any CPU
		{419D2FA0-670C-4F41-8F0E-E4CD084A6394}.Debug|Any CPU.Build.0 = Debug|Any CPU
		{419D2FA0-670C-4F41-8F0E-E4CD084A6394}.Release|Any CPU.ActiveCfg = Release|Any CPU
		{419D2FA0-670C-4F41-8F0E-E4CD084A6394}.Release|Any CPU.Build.0 = Release|Any CPU
	EndGlobalSection
	GlobalSection(SolutionProperties) = preSolution
		HideSolutionNode = FALSE
	EndGlobalSection
	GlobalSection(ExtensibilityGlobals) = postSolution
		SolutionGuid = {E6890B6F-6C48-4FB7-94E8-777C7367B9CE}
	EndGlobalSection
EndGlobal
