
Microsoft Visual Studio Solution File, Format Version 12.00
# Visual Studio Version 17
VisualStudioVersion = 17.10.34928.147
MinimumVisualStudioVersion = 10.0.40219.1
Project("{FAE04EC0-301F-11D3-BF4B-00C04F79EFBC}") = "MethodInjectionDemo", "MethodInjectionDemo\MethodInjectionDemo.csproj", "{1DFD1B56-F836-4467-B7C5-3D4A1AA64439}"
EndProject
Global
	GlobalSection(SolutionConfigurationPlatforms) = preSolution
		Debug|Any CPU = Debug|Any CPU
		Release|Any CPU = Release|Any CPU
	EndGlobalSection
	GlobalSection(ProjectConfigurationPlatforms) = postSolution
		{1DFD1B56-F836-4467-B7C5-3D4A1AA64439}.Debug|Any CPU.ActiveCfg = Debug|Any CPU
		{1DFD1B56-F836-4467-B7C5-3D4A1AA64439}.Debug|Any CPU.Build.0 = Debug|Any CPU
		{1DFD1B56-F836-4467-B7C5-3D4A1AA64439}.Release|Any CPU.ActiveCfg = Release|Any CPU
		{1DFD1B56-F836-4467-B7C5-3D4A1AA64439}.Release|Any CPU.Build.0 = Release|Any CPU
	EndGlobalSection
	GlobalSection(SolutionProperties) = preSolution
		HideSolutionNode = FALSE
	EndGlobalSection
	GlobalSection(ExtensibilityGlobals) = postSolution
		SolutionGuid = {E8D1FF9C-47DD-4E81-8952-5CAE9B8F3C07}
	EndGlobalSection
EndGlobal
